
Microsoft Visual Studio Solution File, Format Version 12.00
# Visual Studio Version 16
VisualStudioVersion = 16.0.32228.343
MinimumVisualStudioVersion = 10.0.40219.1
Project("{8BC9CEB8-8B4A-11D0-8D11-00A0C91BC942}") = "Project1", "Project1.vcxproj", "{6EAAB091-EC02-4B94-9FE6-DBA8DA6928D1}"
EndProject
Global
	GlobalSection(SolutionConfigurationPlatforms) = preSolution
		Debug|x64 = Debug|x64
		Debug|x86 = Debug|x86
		Release|x64 = Release|x64
		Release|x86 = Release|x86
	EndGlobalSection
	GlobalSection(ProjectConfigurationPlatforms) = postSolution
		{6EAAB091-EC02-4B94-9FE6-DBA8DA6928D1}.Debug|x64.ActiveCfg = Debug|x64
		{6EAAB091-EC02-4B94-9FE6-DBA8DA6928D1}.Debug|x64.Build.0 = Debug|x64
		{6EAAB091-EC02-4B94-9FE6-DBA8DA6928D1}.Debug|x86.ActiveCfg = Debug|Win32
		{6EAAB091-EC02-4B94-9FE6-DBA8DA6928D1}.Debug|x86.Build.0 = Debug|Win32
		{6EAAB091-EC02-4B94-9FE6-DBA8DA6928D1}.Release|x64.ActiveCfg = Release|x64
		{6EAAB091-EC02-4B94-9FE6-DBA8DA6928D1}.Release|x64.Build.0 = Release|x64
		{6EAAB091-EC02-4B94-9FE6-DBA8DA6928D1}.Release|x86.ActiveCfg = Release|Win32
		{6EAAB091-EC02-4B94-9FE6-DBA8DA6928D1}.Release|x86.Build.0 = Release|Win32
	EndGlobalSection
	GlobalSection(SolutionProperties) = preSolution
		HideSolutionNode = FALSE
	EndGlobalSection
	GlobalSection(ExtensibilityGlobals) = postSolution
		SolutionGuid = {82A1586D-69BD-4B7E-841B-DE4B9C20F8C9}
	EndGlobalSection
EndGlobal
